# THIS IS AN AUTOGENERATED FILE. DO NOT EDIT THIS FILE DIRECTLY.
# yarn lockfile v1


"@cloudflare/workerd-darwin-64@^1.20220926.0":
  version "1.20220926.1"
  resolved "https://registry.yarnpkg.com/@cloudflare/workerd-darwin-64/-/workerd-darwin-64-1.20220926.1.tgz#231980b52ca2514310d2fba1ccaef9c9e887e894"
  integrity sha512-4P6+VyQENJPGgIzkSVuCDTwOeEnZUzC3AzlAaR4AVDOAyCtSQCztn43ydB7OxAyNuh/6pNpgPV+px7EVmRCJGg==

"@cloudflare/workerd-darwin-arm64@^1.20220926.0":
  version "1.20220926.1"
  resolved "https://registry.yarnpkg.com/@cloudflare/workerd-darwin-arm64/-/workerd-darwin-arm64-1.20220926.1.tgz#8655035f2fbfefc91385e103a95bb0574ccd901e"
  integrity sha512-jWVxVsUDggsZPBusmzcj5ZxYjMPWJDfcYvwp2O9IIZaKaYLrr+SIablGxLwSevGxOaFtyTvl+auLBCr+FMLwXw==

"@cloudflare/workerd-linux-64@^1.20220926.0":
  version "1.20220926.2"
  resolved "https://registry.yarnpkg.com/@cloudflare/workerd-linux-64/-/workerd-linux-64-1.20220926.2.tgz#1ab129de239b93153be171aa294da79b5853ced6"
  integrity sha512-f+xS32N7fwzYTphiPdoonZCgr46arw5gaH0tcJGrHpIy6f2aCnHd9SvoI53YJ7SVqfHX1o8eXvOZJ3F5CrHWrw==

"@cloudflare/workerd-linux-arm64@^1.20220926.0":
  version "1.20220926.1"
  resolved "https://registry.yarnpkg.com/@cloudflare/workerd-linux-arm64/-/workerd-linux-arm64-1.20220926.1.tgz#074d1d77db7ea6123d9c746c92189f696c53c5f6"
  integrity sha512-PY4mYaKybLlhvkaXEs/wG4mFqmc2FQ71mBWWjUPjpcUe+Zhyhy/viDbq2MhjcryV5o69GPe4jHTVAe/PyKC6BA==

workerd@^1.20220926.3:
  version "1.20220926.3"
  resolved "https://registry.yarnpkg.com/workerd/-/workerd-1.20220926.3.tgz#94dee5b8a0451fc0cddf908f3c0271267dc1a954"
  integrity sha512-/lmXRhgLixIkNNwsrFquPlT+qgFD71QbYJ8qroYQVL2hQVOuqw5N4TzMZS6gaNtVW+EUUnps+t/zbz98vjeuTg==
  optionalDependencies:
    "@cloudflare/workerd-darwin-64" "^1.20220926.0"
    "@cloudflare/workerd-darwin-arm64" "^1.20220926.0"
    "@cloudflare/workerd-linux-64" "^1.20220926.0"
    "@cloudflare/workerd-linux-arm64" "^1.20220926.0"
